
Microsoft Visual Studio Solution File, Format Version 12.00
# Visual Studio Version 17
VisualStudioVersion = 17.6.33815.320
MinimumVisualStudioVersion = 10.0.40219.1
Project("{FAE04EC0-301F-11D3-BF4B-00C04F79EFBC}") = "bao_cao_doanh_thu", "bao_cao_doanh_thu\bao_cao_doanh_thu.csproj", "{01CABE82-693E-4931-A5FA-73CA565789A5}"
EndProject
Global
	GlobalSection(SolutionConfigurationPlatforms) = preSolution
		Debug|Any CPU = Debug|Any CPU
		Release|Any CPU = Release|Any CPU
	EndGlobalSection
	GlobalSection(ProjectConfigurationPlatforms) = postSolution
		{01CABE82-693E-4931-A5FA-73CA565789A5}.Debug|Any CPU.ActiveCfg = Debug|Any CPU
		{01CABE82-693E-4931-A5FA-73CA565789A5}.Debug|Any CPU.Build.0 = Debug|Any CPU
		{01CABE82-693E-4931-A5FA-73CA565789A5}.Release|Any CPU.ActiveCfg = Release|Any CPU
		{01CABE82-693E-4931-A5FA-73CA565789A5}.Release|Any CPU.Build.0 = Release|Any CPU
	EndGlobalSection
	GlobalSection(SolutionProperties) = preSolution
		HideSolutionNode = FALSE
	EndGlobalSection
	GlobalSection(ExtensibilityGlobals) = postSolution
		SolutionGuid = {3F54022E-ADCF-4C7D-88A0-61EA028694BD}
	EndGlobalSection
EndGlobal
